{
  "version": 4,
  "terraform_version": "0.15.4",
  "serial": 21,
  "lineage": "b9e6e678-0ca7-2c80-1e5e-a2dd09eda0f6",
  "outputs": {
    "aws_subnet_carriya_private_id": {
      "value": "subnet-06e947b16459299aa",
      "type": "string"
    },
    "aws_vpc_default_id": {
      "value": "vpc-228fb744",
      "type": "string"
    },
    "carriyo_sg_id": {
      "value": "sg-c64aa8b4",
      "type": "string"
    }
  },
  "resources": [
    {
      "mode": "data",
      "type": "aws_ami",
      "name": "latest-amazon-linux-image",
      "provider": "provider[\"registry.terraform.io/hashicorp/aws\"]",
      "instances": [
        {
          "schema_version": 0,
          "attributes": {
            "architecture": "x86_64",
            "arn": "arn:aws:ec2:eu-west-1::image/ami-0ac43988dfd31ab9a",
            "block_device_mappings": [
              {
                "device_name": "/dev/xvda",
                "ebs": {
                  "delete_on_termination": "true",
                  "encrypted": "false",
                  "iops": "0",
                  "snapshot_id": "snap-0f75bd2b3d4079aa4",
                  "throughput": "0",
                  "volume_size": "8",
                  "volume_type": "gp2"
                },
                "no_device": "",
                "virtual_name": ""
              }
            ],
            "creation_date": "2021-06-04T03:59:17.000Z",
            "description": "Amazon Linux 2 AMI 2.0.20210525.0 x86_64 HVM gp2",
            "ena_support": true,
            "executable_users": null,
            "filter": [
              {
                "name": "name",
                "values": [
                  "amzn2-ami-hvm-*-x86_64-gp2"
                ]
              },
              {
                "name": "root-device-type",
                "values": [
                  "ebs"
                ]
              },
              {
                "name": "virtualization-type",
                "values": [
                  "hvm"
                ]
              }
            ],
            "hypervisor": "xen",
            "id": "ami-0ac43988dfd31ab9a",
            "image_id": "ami-0ac43988dfd31ab9a",
            "image_location": "amazon/amzn2-ami-hvm-2.0.20210525.0-x86_64-gp2",
            "image_owner_alias": "amazon",
            "image_type": "machine",
            "kernel_id": null,
            "most_recent": true,
            "name": "amzn2-ami-hvm-2.0.20210525.0-x86_64-gp2",
            "name_regex": null,
            "owner_id": "137112412989",
            "owners": [
              "amazon"
            ],
            "platform": null,
            "platform_details": "Linux/UNIX",
            "product_codes": [],
            "public": true,
            "ramdisk_id": null,
            "root_device_name": "/dev/xvda",
            "root_device_type": "ebs",
            "root_snapshot_id": "snap-0f75bd2b3d4079aa4",
            "sriov_net_support": "simple",
            "state": "available",
            "state_reason": {
              "code": "UNSET",
              "message": "UNSET"
            },
            "tags": {},
            "usage_operation": "RunInstances",
            "virtualization_type": "hvm"
          },
          "sensitive_attributes": []
        }
      ]
    },
    {
      "mode": "data",
      "type": "aws_security_groups",
      "name": "carriyo-sg",
      "provider": "provider[\"registry.terraform.io/hashicorp/aws\"]",
      "instances": [
        {
          "schema_version": 0,
          "attributes": {
            "arns": [
              "arn:aws:ec2:eu-west-1:261383416015:security-group/sg-c64aa8b4"
            ],
            "filter": [
              {
                "name": "group-name",
                "values": [
                  "default"
                ]
              },
              {
                "name": "vpc-id",
                "values": [
                  "vpc-228fb744"
                ]
              }
            ],
            "id": "eu-west-1",
            "ids": [
              "sg-c64aa8b4"
            ],
            "tags": null,
            "vpc_ids": [
              "vpc-228fb744"
            ]
          },
          "sensitive_attributes": []
        }
      ]
    },
    {
      "mode": "data",
      "type": "aws_subnet",
      "name": "private",
      "provider": "provider[\"registry.terraform.io/hashicorp/aws\"]",
      "instances": [
        {
          "schema_version": 0,
          "attributes": {
            "arn": "arn:aws:ec2:eu-west-1:261383416015:subnet/subnet-06e947b16459299aa",
            "assign_ipv6_address_on_creation": false,
            "availability_zone": "eu-west-1a",
            "availability_zone_id": "euw1-az1",
            "available_ip_address_count": 4086,
            "cidr_block": "172.31.48.0/20",
            "customer_owned_ipv4_pool": "",
            "default_for_az": false,
            "filter": [
              {
                "name": "tag:Name",
                "values": [
                  "private-eu-west-1a"
                ]
              }
            ],
            "id": "subnet-06e947b16459299aa",
            "ipv6_cidr_block": null,
            "ipv6_cidr_block_association_id": null,
            "map_customer_owned_ip_on_launch": false,
            "map_public_ip_on_launch": false,
            "outpost_arn": "",
            "owner_id": "261383416015",
            "state": "available",
            "tags": {
              "Name": "private-eu-west-1a"
            },
            "vpc_id": "vpc-228fb744"
          },
          "sensitive_attributes": []
        }
      ]
    },
    {
      "mode": "data",
      "type": "aws_vpc",
      "name": "default",
      "provider": "provider[\"registry.terraform.io/hashicorp/aws\"]",
      "instances": [
        {
          "schema_version": 0,
          "attributes": {
            "arn": "arn:aws:ec2:eu-west-1:261383416015:vpc/vpc-228fb744",
            "cidr_block": "172.31.0.0/16",
            "cidr_block_associations": [
              {
                "association_id": "vpc-cidr-assoc-dac1e1b1",
                "cidr_block": "172.31.0.0/16",
                "state": "associated"
              }
            ],
            "default": true,
            "dhcp_options_id": "dopt-ff6e0499",
            "enable_dns_hostnames": true,
            "enable_dns_support": true,
            "filter": null,
            "id": "vpc-228fb744",
            "instance_tenancy": "default",
            "ipv6_association_id": null,
            "ipv6_cidr_block": null,
            "main_route_table_id": "rtb-7e012307",
            "owner_id": "261383416015",
            "state": "available",
            "tags": {
              "Name": "default"
            }
          },
          "sensitive_attributes": []
        }
      ]
    },
    {
      "mode": "managed",
      "type": "aws_instance",
      "name": "carriyo-server",
      "provider": "provider[\"registry.terraform.io/hashicorp/aws\"]",
      "instances": [
        {
          "schema_version": 1,
          "attributes": {
            "ami": "ami-0ac43988dfd31ab9a",
            "arn": "arn:aws:ec2:eu-west-1:261383416015:instance/i-0beb80059a0f6de85",
            "associate_public_ip_address": true,
            "availability_zone": "eu-west-1a",
            "capacity_reservation_specification": [
              {
                "capacity_reservation_preference": "open",
                "capacity_reservation_target": []
              }
            ],
            "cpu_core_count": 1,
            "cpu_threads_per_core": 1,
            "credit_specification": [
              {
                "cpu_credits": "standard"
              }
            ],
            "disable_api_termination": false,
            "ebs_block_device": [],
            "ebs_optimized": false,
            "enclave_options": [
              {
                "enabled": false
              }
            ],
            "ephemeral_block_device": [],
            "get_password_data": false,
            "hibernation": false,
            "host_id": null,
            "iam_instance_profile": "",
            "id": "i-0beb80059a0f6de85",
            "instance_initiated_shutdown_behavior": "stop",
            "instance_state": "running",
            "instance_type": "t2.micro",
            "ipv6_address_count": 0,
            "ipv6_addresses": [],
            "key_name": "carriyo-ec2-admin",
            "metadata_options": [
              {
                "http_endpoint": "enabled",
                "http_put_response_hop_limit": 1,
                "http_tokens": "optional"
              }
            ],
            "monitoring": false,
            "network_interface": [],
            "outpost_arn": "",
            "password_data": "",
            "placement_group": "",
            "primary_network_interface_id": "eni-081fed60babffb5a5",
            "private_dns": "ip-172-31-51-129.eu-west-1.compute.internal",
            "private_ip": "172.31.51.129",
            "public_dns": "ec2-18-202-31-200.eu-west-1.compute.amazonaws.com",
            "public_ip": "18.202.31.200",
            "root_block_device": [
              {
                "delete_on_termination": true,
                "device_name": "/dev/xvda",
                "encrypted": false,
                "iops": 100,
                "kms_key_id": "",
                "tags": {},
                "throughput": 0,
                "volume_id": "vol-08f4cf85437dc0249",
                "volume_size": 8,
                "volume_type": "gp2"
              }
            ],
            "secondary_private_ips": [],
            "security_groups": [
              "default"
            ],
            "source_dest_check": true,
            "subnet_id": "subnet-06e947b16459299aa",
            "tags": {
              "Name": "dev-carriyo-server"
            },
            "tags_all": {
              "Name": "dev-carriyo-server"
            },
            "tenancy": "default",
            "timeouts": null,
            "user_data": "c852410306fd0fac43cd4e0052e40088c1871d11",
            "user_data_base64": null,
            "volume_tags": null,
            "vpc_security_group_ids": [
              "sg-c64aa8b4"
            ]
          },
          "sensitive_attributes": [],
          "private": "eyJlMmJmYjczMC1lY2FhLTExZTYtOGY4OC0zNDM2M2JjN2M0YzAiOnsiY3JlYXRlIjo2MDAwMDAwMDAwMDAsImRlbGV0ZSI6MTIwMDAwMDAwMDAwMCwidXBkYXRlIjo2MDAwMDAwMDAwMDB9LCJzY2hlbWFfdmVyc2lvbiI6IjEifQ==",
          "dependencies": [
            "aws_key_pair.ssh-key",
            "data.aws_ami.latest-amazon-linux-image",
            "data.aws_security_groups.carriyo-sg",
            "data.aws_subnet.private"
          ]
        }
      ]
    },
    {
      "mode": "managed",
      "type": "aws_key_pair",
      "name": "ssh-key",
      "provider": "provider[\"registry.terraform.io/hashicorp/aws\"]",
      "instances": [
        {
          "schema_version": 1,
          "attributes": {
            "arn": "arn:aws:ec2:eu-west-1:261383416015:key-pair/carriyo-ec2-admin",
            "fingerprint": "b6:68:d0:8b:55:ae:3b:4e:d6:ff:e8:87:3c:ed:f5:99",
            "id": "carriyo-ec2-admin",
            "key_name": "carriyo-ec2-admin",
            "key_name_prefix": null,
            "key_pair_id": "key-0db07c4d2b2604591",
            "public_key": "ssh-rsa AAAAB3NzaC1yc2EAAAABJQAAAQEAmYObUZLxh7dlCS/SpZB+e4F6+BqWpyAWjNwucjl1Pm7VN5ehpAjmrbnoXnmWK93B0o2FnuZlFfOADYW032t363xJgTD+QPu25lW6KEHxGr1Pu1QbGz5DzLTx95rByCIEOU3GVIcbCLYoqBJce7CqwgA2PRjBbvVW8u/tlfth7kEg+ZmZ4zQfE6BX5hcPpRGPZxJcFLgeJM5f4rLuxS4zVmNPRFEnn9YQET8vKaKFuWtrV/XxAKggDVEyxfQtS5Tlub7uYpgFtm9pRIZ3HOhd8JjyBhPFH73ROHsp1N9DVKOsqEPhCM3Ml+Djgn4i+EWTgSI/a7PJDbpPAgJPcgWZKQ== rsa-key-20210622",
            "tags": null,
            "tags_all": {}
          },
          "sensitive_attributes": [],
          "private": "eyJzY2hlbWFfdmVyc2lvbiI6IjEifQ=="
        }
      ]
    }
  ]
}
